PODS:
  - CoreDataStackPod (0.1.0)
  - FBSnapshotTestCase (1.1)
  - Kiwi (2.3.0)

DEPENDENCIES:
  - CoreDataStackPod (from `../`)
  - FBSnapshotTestCase
  - Kiwi

EXTERNAL SOURCES:
  CoreDataStackPod:
    :path: ../

SPEC CHECKSUMS:
  CoreDataStackPod: 1d570c687c6626bbb79a9b48026c1917a2eda0ec
  FBSnapshotTestCase: 9053afee1d66b4c7c313fcb0ae582a5e47bea9d0
  Kiwi: 54bece5b35564d9b8e03c608d926f1a22fcfc589

COCOAPODS: 0.33.1
